# THIS IS AN AUTOGENERATED FILE. DO NOT EDIT THIS FILE DIRECTLY.
# yarn lockfile v1


lucide-react@^0.575.0:
  version "0.575.0"
  resolved "https://registry.npmmirror.com/lucide-react/-/lucide-react-0.575.0.tgz#90feaa4c140e9693e4ee9426d9927a6b833267ac"
  integrity sha512-VuXgKZrk0uiDlWjGGXmKV6MSk9Yy4l10qgVvzGn2AWBx1Ylt0iBexKOAoA6I7JO3m+M9oeovJd3yYENfkUbOeg==
